// !$*UTF8*$!
{
	archiveVersion = 1;
	classes = {
	};
	objectVersion = 56;
	objects = {

/* Begin PBXBuildFile section */
		048EEC0E2AE20D0D00A860E1 /* CodingFlight_W06App.swift in Sources */ = {isa = PBXBuildFile; fileRef = 048EEC0D2AE20D0D00A860E1 /* CodingFlight_W06App.swift */; };
		048EEC102AE20D0D00A860E1 /* ContentView.swift in Sources */ = {isa = PBXBuildFile; fileRef = 048EEC0F2AE20D0D00A860E1 /* ContentView.swift */; };
		048EEC122AE20D0E00A860E1 /* Assets.xcassets in Resources */ = {isa = PBXBuildFile; fileRef = 048EEC112AE20D0E00A860E1 /* Assets.xcassets */; };
		048EEC152AE20D0E00A860E1 /* Preview Assets.xcassets in Resources */ = {isa = PBXBuildFile; fileRef = 048EEC142AE20D0E00A860E1 /* Preview Assets.xcassets */; };
		048EEC1F2AE20D0F00A860E1 /* CodingFlight_W06Tests.swift in Sources */ = {isa = PBXBuildFile; fileRef = 048EEC1E2AE20D0F00A860E1 /* CodingFlight_W06Tests.swift */; };
		048EEC292AE20D0F00A860E1 /* CodingFlight_W06UITests.swift in Sources */ = {isa = PBXBuildFile; fileRef = 048EEC282AE20D0F00A860E1 /* CodingFlight_W06UITests.swift */; };
		048EEC2B2AE20D0F00A860E1 /* CodingFlight_W06UITestsLaunchTests.swift in Sources */ = {isa = PBXBuildFile; fileRef = 048EEC2A2AE20D0F00A860E1 /* CodingFlight_W06UITestsLaunchTests.swift */; };
/* End PBXBuildFile section */

/* Begin PBXContainerItemProxy section */
		048EEC1B2AE20D0E00A860E1 /* PBXContainerItemProxy */ = {
			isa = PBXContainerItemProxy;
			containerPortal = 048EEC022AE20D0D00A860E1 /* Project object */;
			proxyType = 1;
			remoteGlobalIDString = 048EEC092AE20D0D00A860E1;
			remoteInfo = CodingFlight_W06;
		};
		048EEC252AE20D0F00A860E1 /* PBXContainerItemProxy */ = {
			isa = PBXContainerItemProxy;
			containerPortal = 048EEC022AE20D0D00A860E1 /* Project object */;
			proxyType = 1;
			remoteGlobalIDString = 048EEC092AE20D0D00A860E1;
			remoteInfo = CodingFlight_W06;
		};
/* End PBXContainerItemProxy section */

/* Begin PBXFileReference section */
		048EEC0A2AE20D0D00A860E1 /* CodingFlight_W06.app */ = {isa = PBXFileReference; explicitFileType = wrapper.application; includeInIndex = 0; path = CodingFlight_W06.app; sourceTree = BUILT_PRODUCTS_DIR; };
		048EEC0D2AE20D0D00A860E1 /* CodingFlight_W06App.swift */ = {isa = PBXFileReference; lastKnownFileType = sourcecode.swift; path = CodingFlight_W06App.swift; sourceTree = "<group>"; };
		048EEC0F2AE20D0D00A860E1 /* ContentView.swift */ = {isa = PBXFileReference; lastKnownFileType = sourcecode.swift; path = ContentView.swift; sourceTree = "<group>"; };
		048EEC112AE20D0E00A860E1 /* Assets.xcassets */ = {isa = PBXFileReference; lastKnownFileType = folder.assetcatalog; path = Assets.xcassets; sourceTree = "<group>"; };
		048EEC142AE20D0E00A860E1 /* Preview Assets.xcassets */ = {isa = PBXFileReference; lastKnownFileType = folder.assetcatalog; path = "Preview Assets.xcassets"; sourceTree = "<group>"; };
		048EEC1A2AE20D0E00A860E1 /* CodingFlight_W06Tests.xctest */ = {isa = PBXFileReference; explicitFileType = wrapper.cfbundle; includeInIndex = 0; path = CodingFlight_W06Tests.xctest; sourceTree = BUILT_PRODUCTS_DIR; };
		048EEC1E2AE20D0F00A860E1 /* CodingFlight_W06Tests.swift */ = {isa = PBXFileReference; lastKnownFileType = sourcecode.swift; path = CodingFlight_W06Tests.swift; sourceTree = "<group>"; };
		048EEC242AE20D0F00A860E1 /* CodingFlight_W06UITests.xctest */ = {isa = PBXFileReference; explicitFileType = wrapper.cfbundle; includeInIndex = 0; path = CodingFlight_W06UITests.xctest; sourceTree = BUILT_PRODUCTS_DIR; };
		048EEC282AE20D0F00A860E1 /* CodingFlight_W06UITests.swift */ = {isa = PBXFileReference; lastKnownFileType = sourcecode.swift; path = CodingFlight_W06UITests.swift; sourceTree = "<group>"; };
		048EEC2A2AE20D0F00A860E1 /* CodingFlight_W06UITestsLaunchTests.swift */ = {isa = PBXFileReference; lastKnownFileType = sourcecode.swift; path = CodingFlight_W06UITestsLaunchTests.swift; sourceTree = "<group>"; };
/* End PBXFileReference section */

/* Begin PBXFrameworksBuildPhase section */
		048EEC072AE20D0D00A860E1 /* Frameworks */ = {
			isa = PBXFrameworksBuildPhase;
			buildActionMask = 2147483647;
			files = (
			);
			runOnlyForDeploymentPostprocessing = 0;
		};
		048EEC172AE20D0E00A860E1 /* Frameworks */ = {
			isa = PBXFrameworksBuildPhase;
			buildActionMask = 2147483647;
			files = (
			);
			runOnlyForDeploymentPostprocessing = 0;
		};
		048EEC212AE20D0F00A860E1 /* Frameworks */ = {
			isa = PBXFrameworksBuildPhase;
			buildActionMask = 2147483647;
			files = (
			);
			runOnlyForDeploymentPostprocessing = 0;
		};
/* End PBXFrameworksBuildPhase section */

/* Begin PBXGroup section */
		048EEC012AE20D0D00A860E1 = {
			isa = PBXGroup;
			children = (
				048EEC0C2AE20D0D00A860E1 /* CodingFlight_W06 */,
				048EEC1D2AE20D0F00A860E1 /* CodingFlight_W06Tests */,
				048EEC272AE20D0F00A860E1 /* CodingFlight_W06UITests */,
				048EEC0B2AE20D0D00A860E1 /* Products */,
			);
			sourceTree = "<group>";
		};
		048EEC0B2AE20D0D00A860E1 /* Products */ = {
			isa = PBXGroup;
			children = (
				048EEC0A2AE20D0D00A860E1 /* CodingFlight_W06.app */,
				048EEC1A2AE20D0E00A860E1 /* CodingFlight_W06Tests.xctest */,
				048EEC242AE20D0F00A860E1 /* CodingFlight_W06UITests.xctest */,
			);
			name = Products;
			sourceTree = "<group>";
		};
		048EEC0C2AE20D0D00A860E1 /* CodingFlight_W06 */ = {
			isa = PBXGroup;
			children = (
				048EEC0D2AE20D0D00A860E1 /* CodingFlight_W06App.swift */,
				048EEC0F2AE20D0D00A860E1 /* ContentView.swift */,
				048EEC112AE20D0E00A860E1 /* Assets.xcassets */,
				048EEC132AE20D0E00A860E1 /* Preview Content */,
			);
			path = CodingFlight_W06;
			sourceTree = "<group>";
		};
		048EEC132AE20D0E00A860E1 /* Preview Content */ = {
			isa = PBXGroup;
			children = (
				048EEC142AE20D0E00A860E1 /* Preview Assets.xcassets */,
			);
			path = "Preview Content";
			sourceTree = "<group>";
		};
		048EEC1D2AE20D0F00A860E1 /* CodingFlight_W06Tests */ = {
			isa = PBXGroup;
			children = (
				048EEC1E2AE20D0F00A860E1 /* CodingFlight_W06Tests.swift */,
			);
			path = CodingFlight_W06Tests;
			sourceTree = "<group>";
		};
		048EEC272AE20D0F00A860E1 /* CodingFlight_W06UITests */ = {
			isa = PBXGroup;
			children = (
				048EEC282AE20D0F00A860E1 /* CodingFlight_W06UITests.swift */,
				048EEC2A2AE20D0F00A860E1 /* CodingFlight_W06UITestsLaunchTests.swift */,
			);
			path = CodingFlight_W06UITests;
			sourceTree = "<group>";
		};
/* End PBXGroup section */

/* Begin PBXNativeTarget section */
		048EEC092AE20D0D00A860E1 /* CodingFlight_W06 */ = {
			isa = PBXNativeTarget;
			buildConfigurationList = 048EEC2E2AE20D0F00A860E1 /* Build configuration list for PBXNativeTarget "CodingFlight_W06" */;
			buildPhases = (
				048EEC062AE20D0D00A860E1 /* Sources */,
				048EEC072AE20D0D00A860E1 /* Frameworks */,
				048EEC082AE20D0D00A860E1 /* Resources */,
			);
			buildRules = (
			);
			dependencies = (
			);
			name = CodingFlight_W06;
			productName = CodingFlight_W06;
			productReference = 048EEC0A2AE20D0D00A860E1 /* CodingFlight_W06.app */;
			productType = "com.apple.product-type.application";
		};
		048EEC192AE20D0E00A860E1 /* CodingFlight_W06Tests */ = {
			isa = PBXNativeTarget;
			buildConfigurationList = 048EEC312AE20D0F00A860E1 /* Build configuration list for PBXNativeTarget "CodingFlight_W06Tests" */;
			buildPhases = (
				048EEC162AE20D0E00A860E1 /* Sources */,
				048EEC172AE20D0E00A860E1 /* Frameworks */,
				048EEC182AE20D0E00A860E1 /* Resources */,
			);
			buildRules = (
			);
			dependencies = (
				048EEC1C2AE20D0E00A860E1 /* PBXTargetDependency */,
			);
			name = CodingFlight_W06Tests;
			productName = CodingFlight_W06Tests;
			productReference = 048EEC1A2AE20D0E00A860E1 /* CodingFlight_W06Tests.xctest */;
			productType = "com.apple.product-type.bundle.unit-test";
		};
		048EEC232AE20D0F00A860E1 /* CodingFlight_W06UITests */ = {
			isa = PBXNativeTarget;
			buildConfigurationList = 048EEC342AE20D0F00A860E1 /* Build configuration list for PBXNativeTarget "CodingFlight_W06UITests" */;
			buildPhases = (
				048EEC202AE20D0F00A860E1 /* Sources */,
				048EEC212AE20D0F00A860E1 /* Frameworks */,
				048EEC222AE20D0F00A860E1 /* Resources */,
			);
			buildRules = (
			);
			dependencies = (
				048EEC262AE20D0F00A860E1 /* PBXTargetDependency */,
			);
			name = CodingFlight_W06UITests;
			productName = CodingFlight_W06UITests;
			productReference = 048EEC242AE20D0F00A860E1 /* CodingFlight_W06UITests.xctest */;
			productType = "com.apple.product-type.bundle.ui-testing";
		};
/* End PBXNativeTarget section */

/* Begin PBXProject section */
		048EEC022AE20D0D00A860E1 /* Project object */ = {
			isa = PBXProject;
			attributes = {
				BuildIndependentTargetsInParallel = 1;
				LastSwiftUpdateCheck = 1500;
				LastUpgradeCheck = 1500;
				TargetAttributes = {
					048EEC092AE20D0D00A860E1 = {
						CreatedOnToolsVersion = 15.0;
					};
					048EEC192AE20D0E00A860E1 = {
						CreatedOnToolsVersion = 15.0;
						TestTargetID = 048EEC092AE20D0D00A860E1;
					};
					048EEC232AE20D0F00A860E1 = {
						CreatedOnToolsVersion = 15.0;
						TestTargetID = 048EEC092AE20D0D00A860E1;
					};
				};
			};
			buildConfigurationList = 048EEC052AE20D0D00A860E1 /* Build configuration list for PBXProject "CodingFlight_W06" */;
			compatibilityVersion = "Xcode 14.0";
			developmentRegion = en;
			hasScannedForEncodings = 0;
			knownRegions = (
				en,
				Base,
			);
			mainGroup = 048EEC012AE20D0D00A860E1;
			productRefGroup = 048EEC0B2AE20D0D00A860E1 /* Products */;
			projectDirPath = "";
			projectRoot = "";
			targets = (
				048EEC092AE20D0D00A860E1 /* CodingFlight_W06 */,
				048EEC192AE20D0E00A860E1 /* CodingFlight_W06Tests */,
				048EEC232AE20D0F00A860E1 /* CodingFlight_W06UITests */,
			);
		};
/* End PBXProject section */

/* Begin PBXResourcesBuildPhase section */
		048EEC082AE20D0D00A860E1 /* Resources */ = {
			isa = PBXResourcesBuildPhase;
			buildActionMask = 2147483647;
			files = (
				048EEC152AE20D0E00A860E1 /* Preview Assets.xcassets in Resources */,
				048EEC122AE20D0E00A860E1 /* Assets.xcassets in Resources */,
			);
			runOnlyForDeploymentPostprocessing = 0;
		};
		048EEC182AE20D0E00A860E1 /* Resources */ = {
			isa = PBXResourcesBuildPhase;
			buildActionMask = 2147483647;
			files = (
			);
			runOnlyForDeploymentPostprocessing = 0;
		};
		048EEC222AE20D0F00A860E1 /* Resources */ = {
			isa = PBXResourcesBuildPhase;
			buildActionMask = 2147483647;
			files = (
			);
			runOnlyForDeploymentPostprocessing = 0;
		};
/* End PBXResourcesBuildPhase section */

/* Begin PBXSourcesBuildPhase section */
		048EEC062AE20D0D00A860E1 /* Sources */ = {
			isa = PBXSourcesBuildPhase;
			buildActionMask = 2147483647;
			files = (
				048EEC102AE20D0D00A860E1 /* ContentView.swift in Sources */,
				048EEC0E2AE20D0D00A860E1 /* CodingFlight_W06App.swift in Sources */,
			);
			runOnlyForDeploymentPostprocessing = 0;
		};
		048EEC162AE20D0E00A860E1 /* Sources */ = {
			isa = PBXSourcesBuildPhase;
			buildActionMask = 2147483647;
			files = (
				048EEC1F2AE20D0F00A860E1 /* CodingFlight_W06Tests.swift in Sources */,
			);
			runOnlyForDeploymentPostprocessing = 0;
		};
		048EEC202AE20D0F00A860E1 /* Sources */ = {
			isa = PBXSourcesBuildPhase;
			buildActionMask = 2147483647;
			files = (
				048EEC2B2AE20D0F00A860E1 /* CodingFlight_W06UITestsLaunchTests.swift in Sources */,
				048EEC292AE20D0F00A860E1 /* CodingFlight_W06UITests.swift in Sources */,
			);
			runOnlyForDeploymentPostprocessing = 0;
		};
/* End PBXSourcesBuildPhase section */

/* Begin PBXTargetDependency section */
		048EEC1C2AE20D0E00A860E1 /* PBXTargetDependency */ = {
			isa = PBXTargetDependency;
			target = 048EEC092AE20D0D00A860E1 /* CodingFlight_W06 */;
			targetProxy = 048EEC1B2AE20D0E00A860E1 /* PBXContainerItemProxy */;
		};
		048EEC262AE20D0F00A860E1 /* PBXTargetDependency */ = {
			isa = PBXTargetDependency;
			target = 048EEC092AE20D0D00A860E1 /* CodingFlight_W06 */;
			targetProxy = 048EEC252AE20D0F00A860E1 /* PBXContainerItemProxy */;
		};
/* End PBXTargetDependency section */

/* Begin XCBuildConfiguration section */
		048EEC2C2AE20D0F00A860E1 /* Debug */ = {
			isa = XCBuildConfiguration;
			buildSettings = {
				ALWAYS_SEARCH_USER_PATHS = NO;
				ASSETCATALOG_COMPILER_GENERATE_SWIFT_ASSET_SYMBOL_EXTENSIONS = YES;
				CLANG_ANALYZER_NONNULL = YES;
				CLANG_ANALYZER_NUMBER_OBJECT_CONVERSION = YES_AGGRESSIVE;
				CLANG_CXX_LANGUAGE_STANDARD = "gnu++20";
				CLANG_ENABLE_MODULES = YES;
				CLANG_ENABLE_OBJC_ARC = YES;
				CLANG_ENABLE_OBJC_WEAK = YES;
				CLANG_WARN_BLOCK_CAPTURE_AUTORELEASING = YES;
				CLANG_WARN_BOOL_CONVERSION = YES;
				CLANG_WARN_COMMA = YES;
				CLANG_WARN_CONSTANT_CONVERSION = YES;
				CLANG_WARN_DEPRECATED_OBJC_IMPLEMENTATIONS = YES;
				CLANG_WARN_DIRECT_OBJC_ISA_USAGE = YES_ERROR;
				CLANG_WARN_DOCUMENTATION_COMMENTS = YES;
				CLANG_WARN_EMPTY_BODY = YES;
				CLANG_WARN_ENUM_CONVERSION = YES;
				CLANG_WARN_INFINITE_RECURSION = YES;
				CLANG_WARN_INT_CONVERSION = YES;
				CLANG_WARN_NON_LITERAL_NULL_CONVERSION = YES;
				CLANG_WARN_OBJC_IMPLICIT_RETAIN_SELF = YES;
				CLANG_WARN_OBJC_LITERAL_CONVERSION = YES;
				CLANG_WARN_OBJC_ROOT_CLASS = YES_ERROR;
				CLANG_WARN_QUOTED_INCLUDE_IN_FRAMEWORK_HEADER = YES;
				CLANG_WARN_RANGE_LOOP_ANALYSIS = YES;
				CLANG_WARN_STRICT_PROTOTYPES = YES;
				CLANG_WARN_SUSPICIOUS_MOVE = YES;
				CLANG_WARN_UNGUARDED_AVAILABILITY = YES_AGGRESSIVE;
				CLANG_WARN_UNREACHABLE_CODE = YES;
				CLANG_WARN__DUPLICATE_METHOD_MATCH = YES;
				COPY_PHASE_STRIP = NO;
				DEBUG_INFORMATION_FORMAT = dwarf;
				ENABLE_STRICT_OBJC_MSGSEND = YES;
				ENABLE_TESTABILITY = YES;
				ENABLE_USER_SCRIPT_SANDBOXING = YES;
				GCC_C_LANGUAGE_STANDARD = gnu17;
				GCC_DYNAMIC_NO_PIC = NO;
				GCC_NO_COMMON_BLOCKS = YES;
				GCC_OPTIMIZATION_LEVEL = 0;
				GCC_PREPROCESSOR_DEFINITIONS = (
					"DEBUG=1",
					"$(inherited)",
				);
				GCC_WARN_64_TO_32_BIT_CONVERSION = YES;
				GCC_WARN_ABOUT_RETURN_TYPE = YES_ERROR;
				GCC_WARN_UNDECLARED_SELECTOR = YES;
				GCC_WARN_UNINITIALIZED_AUTOS = YES_AGGRESSIVE;
				GCC_WARN_UNUSED_FUNCTION = YES;
				GCC_WARN_UNUSED_VARIABLE = YES;
				IPHONEOS_DEPLOYMENT_TARGET = 17.0;
				LOCALIZATION_PREFERS_STRING_CATALOGS = YES;
				MTL_ENABLE_DEBUG_INFO = INCLUDE_SOURCE;
				MTL_FAST_MATH = YES;
				ONLY_ACTIVE_ARCH = YES;
				SDKROOT = iphoneos;
				SWIFT_ACTIVE_COMPILATION_CONDITIONS = "DEBUG $(inherited)";
				SWIFT_OPTIMIZATION_LEVEL = "-Onone";
			};
			name = Debug;
		};
		048EEC2D2AE20D0F00A860E1 /* Release */ = {
			isa = XCBuildConfiguration;
			buildSettings = {
				ALWAYS_SEARCH_USER_PATHS = NO;
				ASSETCATALOG_COMPILER_GENERATE_SWIFT_ASSET_SYMBOL_EXTENSIONS = YES;
				CLANG_ANALYZER_NONNULL = YES;
				CLANG_ANALYZER_NUMBER_OBJECT_CONVERSION = YES_AGGRESSIVE;
				CLANG_CXX_LANGUAGE_STANDARD = "gnu++20";
				CLANG_ENABLE_MODULES = YES;
				CLANG_ENABLE_OBJC_ARC = YES;
				CLANG_ENABLE_OBJC_WEAK = YES;
				CLANG_WARN_BLOCK_CAPTURE_AUTORELEASING = YES;
				CLANG_WARN_BOOL_CONVERSION = YES;
				CLANG_WARN_COMMA = YES;
				CLANG_WARN_CONSTANT_CONVERSION = YES;
				CLANG_WARN_DEPRECATED_OBJC_IMPLEMENTATIONS = YES;
				CLANG_WARN_DIRECT_OBJC_ISA_USAGE = YES_ERROR;
				CLANG_WARN_DOCUMENTATION_COMMENTS = YES;
				CLANG_WARN_EMPTY_BODY = YES;
				CLANG_WARN_ENUM_CONVERSION = YES;
				CLANG_WARN_INFINITE_RECURSION = YES;
				CLANG_WARN_INT_CONVERSION = YES;
				CLANG_WARN_NON_LITERAL_NULL_CONVERSION = YES;
				CLANG_WARN_OBJC_IMPLICIT_RETAIN_SELF = YES;
				CLANG_WARN_OBJC_LITERAL_CONVERSION = YES;
				CLANG_WARN_OBJC_ROOT_CLASS = YES_ERROR;
				CLANG_WARN_QUOTED_INCLUDE_IN_FRAMEWORK_HEADER = YES;
				CLANG_WARN_RANGE_LOOP_ANALYSIS = YES;
				CLANG_WARN_STRICT_PROTOTYPES = YES;
				CLANG_WARN_SUSPICIOUS_MOVE = YES;
				CLANG_WARN_UNGUARDED_AVAILABILITY = YES_AGGRESSIVE;
				CLANG_WARN_UNREACHABLE_CODE = YES;
				CLANG_WARN__DUPLICATE_METHOD_MATCH = YES;
				COPY_PHASE_STRIP = NO;
				DEBUG_INFORMATION_FORMAT = "dwarf-with-dsym";
				ENABLE_NS_ASSERTIONS = NO;
				ENABLE_STRICT_OBJC_MSGSEND = YES;
				ENABLE_USER_SCRIPT_SANDBOXING = YES;
				GCC_C_LANGUAGE_STANDARD = gnu17;
				GCC_NO_COMMON_BLOCKS = YES;
				GCC_WARN_64_TO_32_BIT_CONVERSION = YES;
				GCC_WARN_ABOUT_RETURN_TYPE = YES_ERROR;
				GCC_WARN_UNDECLARED_SELECTOR = YES;
				GCC_WARN_UNINITIALIZED_AUTOS = YES_AGGRESSIVE;
				GCC_WARN_UNUSED_FUNCTION = YES;
				GCC_WARN_UNUSED_VARIABLE = YES;
				IPHONEOS_DEPLOYMENT_TARGET = 17.0;
				LOCALIZATION_PREFERS_STRING_CATALOGS = YES;
				MTL_ENABLE_DEBUG_INFO = NO;
				MTL_FAST_MATH = YES;
				SDKROOT = iphoneos;
				SWIFT_COMPILATION_MODE = wholemodule;
				VALIDATE_PRODUCT = YES;
			};
			name = Release;
		};
		048EEC2F2AE20D0F00A860E1 /* Debug */ = {
			isa = XCBuildConfiguration;
			buildSettings = {
				ASSETCATALOG_COMPILER_APPICON_NAME = AppIcon;
				ASSETCATALOG_COMPILER_GLOBAL_ACCENT_COLOR_NAME = AccentColor;
				CODE_SIGN_STYLE = Automatic;
				CURRENT_PROJECT_VERSION = 1;
				DEVELOPMENT_ASSET_PATHS = "\"CodingFlight_W06/Preview Content\"";
				DEVELOPMENT_TEAM = QN3649AH56;
				ENABLE_PREVIEWS = YES;
				GENERATE_INFOPLIST_FILE = YES;
				INFOPLIST_KEY_UIApplicationSceneManifest_Generation = YES;
				INFOPLIST_KEY_UIApplicationSupportsIndirectInputEvents = YES;
				INFOPLIST_KEY_UILaunchScreen_Generation = YES;
				INFOPLIST_KEY_UISupportedInterfaceOrientations_iPad = "UIInterfaceOrientationPortrait UIInterfaceOrientationPortraitUpsideDown UIInterfaceOrientationLandscapeLeft UIInterfaceOrientationLandscapeRight";
				INFOPLIST_KEY_UISupportedInterfaceOrientations_iPhone = "UIInterfaceOrientationPortrait UIInterfaceOrientationLandscapeLeft UIInterfaceOrientationLandscapeRight";
				LD_RUNPATH_SEARCH_PATHS = (
					"$(inherited)",
					"@executable_path/Frameworks",
				);
				MARKETING_VERSION = 1.0;
				PRODUCT_BUNDLE_IDENTIFIER = "Lisandra.CodingFlight-W06";
				PRODUCT_NAME = "$(TARGET_NAME)";
				SWIFT_EMIT_LOC_STRINGS = YES;
				SWIFT_VERSION = 5.0;
				TARGETED_DEVICE_FAMILY = "1,2";
			};
			name = Debug;
		};
		048EEC302AE20D0F00A860E1 /* Release */ = {
			isa = XCBuildConfiguration;
			buildSettings = {
				ASSETCATALOG_COMPILER_APPICON_NAME = AppIcon;
				ASSETCATALOG_COMPILER_GLOBAL_ACCENT_COLOR_NAME = AccentColor;
				CODE_SIGN_STYLE = Automatic;
				CURRENT_PROJECT_VERSION = 1;
				DEVELOPMENT_ASSET_PATHS = "\"CodingFlight_W06/Preview Content\"";
				DEVELOPMENT_TEAM = QN3649AH56;
				ENABLE_PREVIEWS = YES;
				GENERATE_INFOPLIST_FILE = YES;
				INFOPLIST_KEY_UIApplicationSceneManifest_Generation = YES;
				INFOPLIST_KEY_UIApplicationSupportsIndirectInputEvents = YES;
				INFOPLIST_KEY_UILaunchScreen_Generation = YES;
				INFOPLIST_KEY_UISupportedInterfaceOrientations_iPad = "UIInterfaceOrientationPortrait UIInterfaceOrientationPortraitUpsideDown UIInterfaceOrientationLandscapeLeft UIInterfaceOrientationLandscapeRight";
				INFOPLIST_KEY_UISupportedInterfaceOrientations_iPhone = "UIInterfaceOrientationPortrait UIInterfaceOrientationLandscapeLeft UIInterfaceOrientationLandscapeRight";
				LD_RUNPATH_SEARCH_PATHS = (
					"$(inherited)",
					"@executable_path/Frameworks",
				);
				MARKETING_VERSION = 1.0;
				PRODUCT_BUNDLE_IDENTIFIER = "Lisandra.CodingFlight-W06";
				PRODUCT_NAME = "$(TARGET_NAME)";
				SWIFT_EMIT_LOC_STRINGS = YES;
				SWIFT_VERSION = 5.0;
				TARGETED_DEVICE_FAMILY = "1,2";
			};
			name = Release;
		};
		048EEC322AE20D0F00A860E1 /* Debug */ = {
			isa = XCBuildConfiguration;
			buildSettings = {
				ALWAYS_EMBED_SWIFT_STANDARD_LIBRARIES = YES;
				BUNDLE_LOADER = "$(TEST_HOST)";
				CODE_SIGN_STYLE = Automatic;
				CURRENT_PROJECT_VERSION = 1;
				DEVELOPMENT_TEAM = QN3649AH56;
				GENERATE_INFOPLIST_FILE = YES;
				IPHONEOS_DEPLOYMENT_TARGET = 17.0;
				MARKETING_VERSION = 1.0;
				PRODUCT_BUNDLE_IDENTIFIER = "Lisandra.CodingFlight-W06Tests";
				PRODUCT_NAME = "$(TARGET_NAME)";
				SWIFT_EMIT_LOC_STRINGS = NO;
				SWIFT_VERSION = 5.0;
				TARGETED_DEVICE_FAMILY = "1,2";
				TEST_HOST = "$(BUILT_PRODUCTS_DIR)/CodingFlight_W06.app/$(BUNDLE_EXECUTABLE_FOLDER_PATH)/CodingFlight_W06";
			};
			name = Debug;
		};
		048EEC332AE20D0F00A860E1 /* Release */ = {
			isa = XCBuildConfiguration;
			buildSettings = {
				ALWAYS_EMBED_SWIFT_STANDARD_LIBRARIES = YES;
				BUNDLE_LOADER = "$(TEST_HOST)";
				CODE_SIGN_STYLE = Automatic;
				CURRENT_PROJECT_VERSION = 1;
				DEVELOPMENT_TEAM = QN3649AH56;
				GENERATE_INFOPLIST_FILE = YES;
				IPHONEOS_DEPLOYMENT_TARGET = 17.0;
				MARKETING_VERSION = 1.0;
				PRODUCT_BUNDLE_IDENTIFIER = "Lisandra.CodingFlight-W06Tests";
				PRODUCT_NAME = "$(TARGET_NAME)";
				SWIFT_EMIT_LOC_STRINGS = NO;
				SWIFT_VERSION = 5.0;
				TARGETED_DEVICE_FAMILY = "1,2";
				TEST_HOST = "$(BUILT_PRODUCTS_DIR)/CodingFlight_W06.app/$(BUNDLE_EXECUTABLE_FOLDER_PATH)/CodingFlight_W06";
			};
			name = Release;
		};
		048EEC352AE20D0F00A860E1 /* Debug */ = {
			isa = XCBuildConfiguration;
			buildSettings = {
				ALWAYS_EMBED_SWIFT_STANDARD_LIBRARIES = YES;
				CODE_SIGN_STYLE = Automatic;
				CURRENT_PROJECT_VERSION = 1;
				DEVELOPMENT_TEAM = QN3649AH56;
				GENERATE_INFOPLIST_FILE = YES;
				MARKETING_VERSION = 1.0;
				PRODUCT_BUNDLE_IDENTIFIER = "Lisandra.CodingFlight-W06UITests";
				PRODUCT_NAME = "$(TARGET_NAME)";
				SWIFT_EMIT_LOC_STRINGS = NO;
				SWIFT_VERSION = 5.0;
				TARGETED_DEVICE_FAMILY = "1,2";
				TEST_TARGET_NAME = CodingFlight_W06;
			};
			name = Debug;
		};
		048EEC362AE20D0F00A860E1 /* Release */ = {
			isa = XCBuildConfiguration;
			buildSettings = {
				ALWAYS_EMBED_SWIFT_STANDARD_LIBRARIES = YES;
				CODE_SIGN_STYLE = Automatic;
				CURRENT_PROJECT_VERSION = 1;
				DEVELOPMENT_TEAM = QN3649AH56;
				GENERATE_INFOPLIST_FILE = YES;
				MARKETING_VERSION = 1.0;
				PRODUCT_BUNDLE_IDENTIFIER = "Lisandra.CodingFlight-W06UITests";
				PRODUCT_NAME = "$(TARGET_NAME)";
				SWIFT_EMIT_LOC_STRINGS = NO;
				SWIFT_VERSION = 5.0;
				TARGETED_DEVICE_FAMILY = "1,2";
				TEST_TARGET_NAME = CodingFlight_W06;
			};
			name = Release;
		};
/* End XCBuildConfiguration section */

/* Begin XCConfigurationList section */
		048EEC052AE20D0D00A860E1 /* Build configuration list for PBXProject "CodingFlight_W06" */ = {
			isa = XCConfigurationList;
			buildConfigurations = (
				048EEC2C2AE20D0F00A860E1 /* Debug */,
				048EEC2D2AE20D0F00A860E1 /* Release */,
			);
			defaultConfigurationIsVisible = 0;
			defaultConfigurationName = Release;
		};
		048EEC2E2AE20D0F00A860E1 /* Build configuration list for PBXNativeTarget "CodingFlight_W06" */ = {
			isa = XCConfigurationList;
			buildConfigurations = (
				048EEC2F2AE20D0F00A860E1 /* Debug */,
				048EEC302AE20D0F00A860E1 /* Release */,
			);
			defaultConfigurationIsVisible = 0;
			defaultConfigurationName = Release;
		};
		048EEC312AE20D0F00A860E1 /* Build configuration list for PBXNativeTarget "CodingFlight_W06Tests" */ = {
			isa = XCConfigurationList;
			buildConfigurations = (
				048EEC322AE20D0F00A860E1 /* Debug */,
				048EEC332AE20D0F00A860E1 /* Release */,
			);
			defaultConfigurationIsVisible = 0;
			defaultConfigurationName = Release;
		};
		048EEC342AE20D0F00A860E1 /* Build configuration list for PBXNativeTarget "CodingFlight_W06UITests" */ = {
			isa = XCConfigurationList;
			buildConfigurations = (
				048EEC352AE20D0F00A860E1 /* Debug */,
				048EEC362AE20D0F00A860E1 /* Release */,
			);
			defaultConfigurationIsVisible = 0;
			defaultConfigurationName = Release;
		};
/* End XCConfigurationList section */
	};
	rootObject = 048EEC022AE20D0D00A860E1 /* Project object */;
}
